
Microsoft Visual Studio Solution File, Format Version 12.00
# Visual Studio Version 16
VisualStudioVersion = 16.0.29020.237
MinimumVisualStudioVersion = 10.0.40219.1
Project("{FAE04EC0-301F-11D3-BF4B-00C04F79EFBC}") = "FirstApp", "FirstApp\FirstApp.csproj", "{B537E9AB-7541-4EA5-BB5A-82C109C98125}"
EndProject
Global
	GlobalSection(SolutionConfigurationPlatforms) = preSolution
		Debug|Any CPU = Debug|Any CPU
		Release|Any CPU = Release|Any CPU
	EndGlobalSection
	GlobalSection(ProjectConfigurationPlatforms) = postSolution
		{B537E9AB-7541-4EA5-BB5A-82C109C98125}.Debug|Any CPU.ActiveCfg = Debug|Any CPU
		{B537E9AB-7541-4EA5-BB5A-82C109C98125}.Debug|Any CPU.Build.0 = Debug|Any CPU
		{B537E9AB-7541-4EA5-BB5A-82C109C98125}.Release|Any CPU.ActiveCfg = Release|Any CPU
		{B537E9AB-7541-4EA5-BB5A-82C109C98125}.Release|Any CPU.Build.0 = Release|Any CPU
	EndGlobalSection
	GlobalSection(SolutionProperties) = preSolution
		HideSolutionNode = FALSE
	EndGlobalSection
	GlobalSection(ExtensibilityGlobals) = postSolution
		SolutionGuid = {DA98285D-75FE-44CC-BDFD-0F7BEEBA57F8}
	EndGlobalSection
EndGlobal
